
Microsoft Visual Studio Solution File, Format Version 12.00
# Visual Studio Version 17
VisualStudioVersion = 17.11.35431.28
MinimumVisualStudioVersion = 10.0.40219.1
Project("{FAE04EC0-301F-11D3-BF4B-00C04F79EFBC}") = "LabbAlgoritmer", "LabbAlgoritmer.csproj", "{7D497F84-0D3D-4FCA-B06B-793856E93940}"
EndProject
Global
	GlobalSection(SolutionConfigurationPlatforms) = preSolution
		Debug|Any CPU = Debug|Any CPU
		Release|Any CPU = Release|Any CPU
	EndGlobalSection
	GlobalSection(ProjectConfigurationPlatforms) = postSolution
		{7D497F84-0D3D-4FCA-B06B-793856E93940}.Debug|Any CPU.ActiveCfg = Debug|Any CPU
		{7D497F84-0D3D-4FCA-B06B-793856E93940}.Debug|Any CPU.Build.0 = Debug|Any CPU
		{7D497F84-0D3D-4FCA-B06B-793856E93940}.Release|Any CPU.ActiveCfg = Release|Any CPU
		{7D497F84-0D3D-4FCA-B06B-793856E93940}.Release|Any CPU.Build.0 = Release|Any CPU
	EndGlobalSection
	GlobalSection(SolutionProperties) = preSolution
		HideSolutionNode = FALSE
	EndGlobalSection
	GlobalSection(ExtensibilityGlobals) = postSolution
		SolutionGuid = {C7281F26-83FF-4BD5-9167-2EB7803FBFF5}
	EndGlobalSection
EndGlobal
